
Microsoft Visual Studio Solution File, Format Version 11.00
# Visual Studio 2010
Project("{FAE04EC0-301F-11D3-BF4B-00C04F79EFBC}") = "CubeRush", "Assembly-CSharp.csproj", "{505A9EFB-84FE-6C2A-19C9-9181AD75672B}"
EndProject
Global
	GlobalSection(SolutionConfigurationPlatforms) = preSolution
		Debug|Any CPU = Debug|Any CPU
		Release|Any CPU = Release|Any CPU
	EndGlobalSection
	GlobalSection(ProjectConfigurationPlatforms) = postSolution
		{505A9EFB-84FE-6C2A-19C9-9181AD75672B}.Debug|Any CPU.ActiveCfg = Debug|Any CPU
		{505A9EFB-84FE-6C2A-19C9-9181AD75672B}.Debug|Any CPU.Build.0 = Debug|Any CPU
		{505A9EFB-84FE-6C2A-19C9-9181AD75672B}.Release|Any CPU.ActiveCfg = Release|Any CPU
		{505A9EFB-84FE-6C2A-19C9-9181AD75672B}.Release|Any CPU.Build.0 = Release|Any CPU
	EndGlobalSection
	GlobalSection(SolutionProperties) = preSolution
		HideSolutionNode = FALSE
	EndGlobalSection
	GlobalSection(MonoDevelopProperties) = preSolution
		StartupItem = Assembly-CSharp.csproj
	EndGlobalSection
EndGlobal
